
Microsoft Visual Studio Solution File, Format Version 12.00
# Visual Studio Version 17
VisualStudioVersion = 17.2.32616.157
MinimumVisualStudioVersion = 10.0.40219.1
Project("{FAE04EC0-301F-11D3-BF4B-00C04F79EFBC}") = "HospitalManagementMVC", "HospitalManagementMVC.csproj", "{E5EAA350-9D59-42D2-997B-3677C3F044E5}"
EndProject
Global
	GlobalSection(SolutionConfigurationPlatforms) = preSolution
		Debug|Any CPU = Debug|Any CPU
		Release|Any CPU = Release|Any CPU
	EndGlobalSection
	GlobalSection(ProjectConfigurationPlatforms) = postSolution
		{E5EAA350-9D59-42D2-997B-3677C3F044E5}.Debug|Any CPU.ActiveCfg = Debug|Any CPU
		{E5EAA350-9D59-42D2-997B-3677C3F044E5}.Debug|Any CPU.Build.0 = Debug|Any CPU
		{E5EAA350-9D59-42D2-997B-3677C3F044E5}.Release|Any CPU.ActiveCfg = Release|Any CPU
		{E5EAA350-9D59-42D2-997B-3677C3F044E5}.Release|Any CPU.Build.0 = Release|Any CPU
	EndGlobalSection
	GlobalSection(SolutionProperties) = preSolution
		HideSolutionNode = FALSE
	EndGlobalSection
	GlobalSection(ExtensibilityGlobals) = postSolution
		SolutionGuid = {633313F9-83E1-41F7-AE21-540099FACF56}
	EndGlobalSection
EndGlobal
